
Microsoft Visual Studio Solution File, Format Version 12.00
# Visual Studio Version 16
VisualStudioVersion = 16.0.33927.289
MinimumVisualStudioVersion = 10.0.40219.1
Project("{FAE04EC0-301F-11D3-BF4B-00C04F79EFBC}") = "DBWEBDEMO", "DBWEBDEMO\DBWEBDEMO.csproj", "{1E0FA33E-1842-4D76-AB7C-BC5F28348A50}"
EndProject
Global
	GlobalSection(SolutionConfigurationPlatforms) = preSolution
		Debug|Any CPU = Debug|Any CPU
		Release|Any CPU = Release|Any CPU
	EndGlobalSection
	GlobalSection(ProjectConfigurationPlatforms) = postSolution
		{1E0FA33E-1842-4D76-AB7C-BC5F28348A50}.Debug|Any CPU.ActiveCfg = Debug|Any CPU
		{1E0FA33E-1842-4D76-AB7C-BC5F28348A50}.Debug|Any CPU.Build.0 = Debug|Any CPU
		{1E0FA33E-1842-4D76-AB7C-BC5F28348A50}.Release|Any CPU.ActiveCfg = Release|Any CPU
		{1E0FA33E-1842-4D76-AB7C-BC5F28348A50}.Release|Any CPU.Build.0 = Release|Any CPU
	EndGlobalSection
	GlobalSection(SolutionProperties) = preSolution
		HideSolutionNode = FALSE
	EndGlobalSection
	GlobalSection(ExtensibilityGlobals) = postSolution
		SolutionGuid = {CFB2C7E8-F0D7-49C1-881B-704854E568A7}
	EndGlobalSection
EndGlobal
